// !$*UTF8*$!
{
	archiveVersion = 1;
	classes = {
	};
	objectVersion = 56;
	objects = {

/* Begin PBXBuildFile section */
		EB26F3372C461D00008A76F8 /* .gitignore in Resources */ = {isa = PBXBuildFile; fileRef = EB26F3362C461D00008A76F8 /* .gitignore */; };
		EB4F3DA92C4614DC00229244 /* ProductApp.swift in Sources */ = {isa = PBXBuildFile; fileRef = EB4F3DA82C4614DC00229244 /* ProductApp.swift */; };
		EB4F3DAB2C4614DC00229244 /* ContentView.swift in Sources */ = {isa = PBXBuildFile; fileRef = EB4F3DAA2C4614DC00229244 /* ContentView.swift */; };
		EB4F3DAD2C4614DD00229244 /* Assets.xcassets in Resources */ = {isa = PBXBuildFile; fileRef = EB4F3DAC2C4614DD00229244 /* Assets.xcassets */; };
		EB4F3DB12C4614DD00229244 /* Preview Assets.xcassets in Resources */ = {isa = PBXBuildFile; fileRef = EB4F3DB02C4614DD00229244 /* Preview Assets.xcassets */; };
		EB4F3DBB2C4614DD00229244 /* ProductTests.swift in Sources */ = {isa = PBXBuildFile; fileRef = EB4F3DBA2C4614DD00229244 /* ProductTests.swift */; };
		EB4F3DC52C4614DD00229244 /* ProductUITests.swift in Sources */ = {isa = PBXBuildFile; fileRef = EB4F3DC42C4614DD00229244 /* ProductUITests.swift */; };
		EB4F3DC72C4614DD00229244 /* ProductUITestsLaunchTests.swift in Sources */ = {isa = PBXBuildFile; fileRef = EB4F3DC62C4614DD00229244 /* ProductUITestsLaunchTests.swift */; };
		EB9D3EC52C464EEB00B0F51A /* regist.swift in Sources */ = {isa = PBXBuildFile; fileRef = EB9D3EC42C464EEB00B0F51A /* regist.swift */; };
		EB9D3ECF2C46504C00B0F51A /* ticket.swift in Sources */ = {isa = PBXBuildFile; fileRef = EB9D3ECE2C46504C00B0F51A /* ticket.swift */; };
		EB9D3ED32C46506400B0F51A /* ticketPage.swift in Sources */ = {isa = PBXBuildFile; fileRef = EB9D3ED22C46506400B0F51A /* ticketPage.swift */; };
		EB9D3ED52C46506C00B0F51A /* ticketView.swift in Sources */ = {isa = PBXBuildFile; fileRef = EB9D3ED42C46506C00B0F51A /* ticketView.swift */; };
		EB9D3ED72C46507300B0F51A /* user.swift in Sources */ = {isa = PBXBuildFile; fileRef = EB9D3ED62C46507300B0F51A /* user.swift */; };
/* End PBXBuildFile section */

/* Begin PBXContainerItemProxy section */
		EB4F3DB72C4614DD00229244 /* PBXContainerItemProxy */ = {
			isa = PBXContainerItemProxy;
			containerPortal = EB4F3D9D2C4614DC00229244 /* Project object */;
			proxyType = 1;
			remoteGlobalIDString = EB4F3DA42C4614DC00229244;
			remoteInfo = Product;
		};
		EB4F3DC12C4614DD00229244 /* PBXContainerItemProxy */ = {
			isa = PBXContainerItemProxy;
			containerPortal = EB4F3D9D2C4614DC00229244 /* Project object */;
			proxyType = 1;
			remoteGlobalIDString = EB4F3DA42C4614DC00229244;
			remoteInfo = Product;
		};
/* End PBXContainerItemProxy section */

/* Begin PBXFileReference section */
		EB26F3362C461D00008A76F8 /* .gitignore */ = {isa = PBXFileReference; lastKnownFileType = text; path = .gitignore; sourceTree = "<group>"; };
		EB4F3DA52C4614DC00229244 /* Product.app */ = {isa = PBXFileReference; explicitFileType = wrapper.application; includeInIndex = 0; path = Product.app; sourceTree = BUILT_PRODUCTS_DIR; };
		EB4F3DA82C4614DC00229244 /* ProductApp.swift */ = {isa = PBXFileReference; lastKnownFileType = sourcecode.swift; path = ProductApp.swift; sourceTree = "<group>"; };
		EB4F3DAA2C4614DC00229244 /* ContentView.swift */ = {isa = PBXFileReference; lastKnownFileType = sourcecode.swift; path = ContentView.swift; sourceTree = "<group>"; };
		EB4F3DAC2C4614DD00229244 /* Assets.xcassets */ = {isa = PBXFileReference; lastKnownFileType = folder.assetcatalog; path = Assets.xcassets; sourceTree = "<group>"; };
		EB4F3DAE2C4614DD00229244 /* Product.entitlements */ = {isa = PBXFileReference; lastKnownFileType = text.plist.entitlements; path = Product.entitlements; sourceTree = "<group>"; };
		EB4F3DB02C4614DD00229244 /* Preview Assets.xcassets */ = {isa = PBXFileReference; lastKnownFileType = folder.assetcatalog; path = "Preview Assets.xcassets"; sourceTree = "<group>"; };
		EB4F3DB62C4614DD00229244 /* ProductTests.xctest */ = {isa = PBXFileReference; explicitFileType = wrapper.cfbundle; includeInIndex = 0; path = ProductTests.xctest; sourceTree = BUILT_PRODUCTS_DIR; };
		EB4F3DBA2C4614DD00229244 /* ProductTests.swift */ = {isa = PBXFileReference; lastKnownFileType = sourcecode.swift; path = ProductTests.swift; sourceTree = "<group>"; };
		EB4F3DC02C4614DD00229244 /* ProductUITests.xctest */ = {isa = PBXFileReference; explicitFileType = wrapper.cfbundle; includeInIndex = 0; path = ProductUITests.xctest; sourceTree = BUILT_PRODUCTS_DIR; };
		EB4F3DC42C4614DD00229244 /* ProductUITests.swift */ = {isa = PBXFileReference; lastKnownFileType = sourcecode.swift; path = ProductUITests.swift; sourceTree = "<group>"; };
		EB4F3DC62C4614DD00229244 /* ProductUITestsLaunchTests.swift */ = {isa = PBXFileReference; lastKnownFileType = sourcecode.swift; path = ProductUITestsLaunchTests.swift; sourceTree = "<group>"; };
		EB9D3EC42C464EEB00B0F51A /* regist.swift */ = {isa = PBXFileReference; fileEncoding = 4; lastKnownFileType = sourcecode.swift; path = regist.swift; sourceTree = "<group>"; };
		EB9D3ECE2C46504C00B0F51A /* ticket.swift */ = {isa = PBXFileReference; lastKnownFileType = sourcecode.swift; path = ticket.swift; sourceTree = "<group>"; };
		EB9D3ED22C46506400B0F51A /* ticketPage.swift */ = {isa = PBXFileReference; lastKnownFileType = sourcecode.swift; path = ticketPage.swift; sourceTree = "<group>"; };
		EB9D3ED42C46506C00B0F51A /* ticketView.swift */ = {isa = PBXFileReference; lastKnownFileType = sourcecode.swift; path = ticketView.swift; sourceTree = "<group>"; };
		EB9D3ED62C46507300B0F51A /* user.swift */ = {isa = PBXFileReference; lastKnownFileType = sourcecode.swift; path = user.swift; sourceTree = "<group>"; };
/* End PBXFileReference section */

/* Begin PBXFrameworksBuildPhase section */
		EB4F3DA22C4614DC00229244 /* Frameworks */ = {
			isa = PBXFrameworksBuildPhase;
			buildActionMask = 2147483647;
			files = (
			);
			runOnlyForDeploymentPostprocessing = 0;
		};
		EB4F3DB32C4614DD00229244 /* Frameworks */ = {
			isa = PBXFrameworksBuildPhase;
			buildActionMask = 2147483647;
			files = (
			);
			runOnlyForDeploymentPostprocessing = 0;
		};
		EB4F3DBD2C4614DD00229244 /* Frameworks */ = {
			isa = PBXFrameworksBuildPhase;
			buildActionMask = 2147483647;
			files = (
			);
			runOnlyForDeploymentPostprocessing = 0;
		};
/* End PBXFrameworksBuildPhase section */

/* Begin PBXGroup section */
		EB4F3D9C2C4614DC00229244 = {
			isa = PBXGroup;
			children = (
				EB26F3362C461D00008A76F8 /* .gitignore */,
				EB4F3DA72C4614DC00229244 /* Product */,
				EB4F3DB92C4614DD00229244 /* ProductTests */,
				EB4F3DC32C4614DD00229244 /* ProductUITests */,
				EB4F3DA62C4614DC00229244 /* Products */,
			);
			sourceTree = "<group>";
		};
		EB4F3DA62C4614DC00229244 /* Products */ = {
			isa = PBXGroup;
			children = (
				EB4F3DA52C4614DC00229244 /* Product.app */,
				EB4F3DB62C4614DD00229244 /* ProductTests.xctest */,
				EB4F3DC02C4614DD00229244 /* ProductUITests.xctest */,
			);
			name = Products;
			sourceTree = "<group>";
		};
		EB4F3DA72C4614DC00229244 /* Product */ = {
			isa = PBXGroup;
			children = (
				EB4F3DA82C4614DC00229244 /* ProductApp.swift */,
				EB9D3ED62C46507300B0F51A /* user.swift */,
				EB9D3ED42C46506C00B0F51A /* ticketView.swift */,
				EB9D3ECE2C46504C00B0F51A /* ticket.swift */,
				EB9D3ED22C46506400B0F51A /* ticketPage.swift */,
				EB4F3DAA2C4614DC00229244 /* ContentView.swift */,
				EB9D3EC42C464EEB00B0F51A /* regist.swift */,
				EB4F3DAC2C4614DD00229244 /* Assets.xcassets */,
				EB4F3DAE2C4614DD00229244 /* Product.entitlements */,
				EB4F3DAF2C4614DD00229244 /* Preview Content */,
			);
			path = Product;
			sourceTree = "<group>";
		};
		EB4F3DAF2C4614DD00229244 /* Preview Content */ = {
			isa = PBXGroup;
			children = (
				EB4F3DB02C4614DD00229244 /* Preview Assets.xcassets */,
			);
			path = "Preview Content";
			sourceTree = "<group>";
		};
		EB4F3DB92C4614DD00229244 /* ProductTests */ = {
			isa = PBXGroup;
			children = (
				EB4F3DBA2C4614DD00229244 /* ProductTests.swift */,
			);
			path = ProductTests;
			sourceTree = "<group>";
		};
		EB4F3DC32C4614DD00229244 /* ProductUITests */ = {
			isa = PBXGroup;
			children = (
				EB4F3DC42C4614DD00229244 /* ProductUITests.swift */,
				EB4F3DC62C4614DD00229244 /* ProductUITestsLaunchTests.swift */,
			);
			path = ProductUITests;
			sourceTree = "<group>";
		};
/* End PBXGroup section */

/* Begin PBXNativeTarget section */
		EB4F3DA42C4614DC00229244 /* Product */ = {
			isa = PBXNativeTarget;
			buildConfigurationList = EB4F3DCA2C4614DD00229244 /* Build configuration list for PBXNativeTarget "Product" */;
			buildPhases = (
				EB4F3DA12C4614DC00229244 /* Sources */,
				EB4F3DA22C4614DC00229244 /* Frameworks */,
				EB4F3DA32C4614DC00229244 /* Resources */,
			);
			buildRules = (
			);
			dependencies = (
			);
			name = Product;
			productName = Product;
			productReference = EB4F3DA52C4614DC00229244 /* Product.app */;
			productType = "com.apple.product-type.application";
		};
		EB4F3DB52C4614DD00229244 /* ProductTests */ = {
			isa = PBXNativeTarget;
			buildConfigurationList = EB4F3DCD2C4614DD00229244 /* Build configuration list for PBXNativeTarget "ProductTests" */;
			buildPhases = (
				EB4F3DB22C4614DD00229244 /* Sources */,
				EB4F3DB32C4614DD00229244 /* Frameworks */,
				EB4F3DB42C4614DD00229244 /* Resources */,
			);
			buildRules = (
			);
			dependencies = (
				EB4F3DB82C4614DD00229244 /* PBXTargetDependency */,
			);
			name = ProductTests;
			productName = ProductTests;
			productReference = EB4F3DB62C4614DD00229244 /* ProductTests.xctest */;
			productType = "com.apple.product-type.bundle.unit-test";
		};
		EB4F3DBF2C4614DD00229244 /* ProductUITests */ = {
			isa = PBXNativeTarget;
			buildConfigurationList = EB4F3DD02C4614DD00229244 /* Build configuration list for PBXNativeTarget "ProductUITests" */;
			buildPhases = (
				EB4F3DBC2C4614DD00229244 /* Sources */,
				EB4F3DBD2C4614DD00229244 /* Frameworks */,
				EB4F3DBE2C4614DD00229244 /* Resources */,
			);
			buildRules = (
			);
			dependencies = (
				EB4F3DC22C4614DD00229244 /* PBXTargetDependency */,
			);
			name = ProductUITests;
			productName = ProductUITests;
			productReference = EB4F3DC02C4614DD00229244 /* ProductUITests.xctest */;
			productType = "com.apple.product-type.bundle.ui-testing";
		};
/* End PBXNativeTarget section */

/* Begin PBXProject section */
		EB4F3D9D2C4614DC00229244 /* Project object */ = {
			isa = PBXProject;
			attributes = {
				BuildIndependentTargetsInParallel = 1;
				LastSwiftUpdateCheck = 1540;
				LastUpgradeCheck = 1540;
				TargetAttributes = {
					EB4F3DA42C4614DC00229244 = {
						CreatedOnToolsVersion = 15.4;
					};
					EB4F3DB52C4614DD00229244 = {
						CreatedOnToolsVersion = 15.4;
						TestTargetID = EB4F3DA42C4614DC00229244;
					};
					EB4F3DBF2C4614DD00229244 = {
						CreatedOnToolsVersion = 15.4;
						TestTargetID = EB4F3DA42C4614DC00229244;
					};
				};
			};
			buildConfigurationList = EB4F3DA02C4614DC00229244 /* Build configuration list for PBXProject "Product" */;
			compatibilityVersion = "Xcode 14.0";
			developmentRegion = en;
			hasScannedForEncodings = 0;
			knownRegions = (
				en,
				Base,
			);
			mainGroup = EB4F3D9C2C4614DC00229244;
			productRefGroup = EB4F3DA62C4614DC00229244 /* Products */;
			projectDirPath = "";
			projectRoot = "";
			targets = (
				EB4F3DA42C4614DC00229244 /* Product */,
				EB4F3DB52C4614DD00229244 /* ProductTests */,
				EB4F3DBF2C4614DD00229244 /* ProductUITests */,
			);
		};
/* End PBXProject section */

/* Begin PBXResourcesBuildPhase section */
		EB4F3DA32C4614DC00229244 /* Resources */ = {
			isa = PBXResourcesBuildPhase;
			buildActionMask = 2147483647;
			files = (
				EB4F3DB12C4614DD00229244 /* Preview Assets.xcassets in Resources */,
				EB26F3372C461D00008A76F8 /* .gitignore in Resources */,
				EB4F3DAD2C4614DD00229244 /* Assets.xcassets in Resources */,
			);
			runOnlyForDeploymentPostprocessing = 0;
		};
		EB4F3DB42C4614DD00229244 /* Resources */ = {
			isa = PBXResourcesBuildPhase;
			buildActionMask = 2147483647;
			files = (
			);
			runOnlyForDeploymentPostprocessing = 0;
		};
		EB4F3DBE2C4614DD00229244 /* Resources */ = {
			isa = PBXResourcesBuildPhase;
			buildActionMask = 2147483647;
			files = (
			);
			runOnlyForDeploymentPostprocessing = 0;
		};
/* End PBXResourcesBuildPhase section */

/* Begin PBXSourcesBuildPhase section */
		EB4F3DA12C4614DC00229244 /* Sources */ = {
			isa = PBXSourcesBuildPhase;
			buildActionMask = 2147483647;
			files = (
				EB9D3EC52C464EEB00B0F51A /* regist.swift in Sources */,
				EB4F3DAB2C4614DC00229244 /* ContentView.swift in Sources */,
				EB9D3ECF2C46504C00B0F51A /* ticket.swift in Sources */,
				EB9D3ED52C46506C00B0F51A /* ticketView.swift in Sources */,
				EB9D3ED32C46506400B0F51A /* ticketPage.swift in Sources */,
				EB9D3ED72C46507300B0F51A /* user.swift in Sources */,
				EB4F3DA92C4614DC00229244 /* ProductApp.swift in Sources */,
			);
			runOnlyForDeploymentPostprocessing = 0;
		};
		EB4F3DB22C4614DD00229244 /* Sources */ = {
			isa = PBXSourcesBuildPhase;
			buildActionMask = 2147483647;
			files = (
				EB4F3DBB2C4614DD00229244 /* ProductTests.swift in Sources */,
			);
			runOnlyForDeploymentPostprocessing = 0;
		};
		EB4F3DBC2C4614DD00229244 /* Sources */ = {
			isa = PBXSourcesBuildPhase;
			buildActionMask = 2147483647;
			files = (
				EB4F3DC72C4614DD00229244 /* ProductUITestsLaunchTests.swift in Sources */,
				EB4F3DC52C4614DD00229244 /* ProductUITests.swift in Sources */,
			);
			runOnlyForDeploymentPostprocessing = 0;
		};
/* End PBXSourcesBuildPhase section */

/* Begin PBXTargetDependency section */
		EB4F3DB82C4614DD00229244 /* PBXTargetDependency */ = {
			isa = PBXTargetDependency;
			target = EB4F3DA42C4614DC00229244 /* Product */;
			targetProxy = EB4F3DB72C4614DD00229244 /* PBXContainerItemProxy */;
		};
		EB4F3DC22C4614DD00229244 /* PBXTargetDependency */ = {
			isa = PBXTargetDependency;
			target = EB4F3DA42C4614DC00229244 /* Product */;
			targetProxy = EB4F3DC12C4614DD00229244 /* PBXContainerItemProxy */;
		};
/* End PBXTargetDependency section */

/* Begin XCBuildConfiguration section */
		EB4F3DC82C4614DD00229244 /* Debug */ = {
			isa = XCBuildConfiguration;
			buildSettings = {
				ALWAYS_SEARCH_USER_PATHS = NO;
				ASSETCATALOG_COMPILER_GENERATE_SWIFT_ASSET_SYMBOL_EXTENSIONS = YES;
				CLANG_ANALYZER_NONNULL = YES;
				CLANG_ANALYZER_NUMBER_OBJECT_CONVERSION = YES_AGGRESSIVE;
				CLANG_CXX_LANGUAGE_STANDARD = "gnu++20";
				CLANG_ENABLE_MODULES = YES;
				CLANG_ENABLE_OBJC_ARC = YES;
				CLANG_ENABLE_OBJC_WEAK = YES;
				CLANG_WARN_BLOCK_CAPTURE_AUTORELEASING = YES;
				CLANG_WARN_BOOL_CONVERSION = YES;
				CLANG_WARN_COMMA = YES;
				CLANG_WARN_CONSTANT_CONVERSION = YES;
				CLANG_WARN_DEPRECATED_OBJC_IMPLEMENTATIONS = YES;
				CLANG_WARN_DIRECT_OBJC_ISA_USAGE = YES_ERROR;
				CLANG_WARN_DOCUMENTATION_COMMENTS = YES;
				CLANG_WARN_EMPTY_BODY = YES;
				CLANG_WARN_ENUM_CONVERSION = YES;
				CLANG_WARN_INFINITE_RECURSION = YES;
				CLANG_WARN_INT_CONVERSION = YES;
				CLANG_WARN_NON_LITERAL_NULL_CONVERSION = YES;
				CLANG_WARN_OBJC_IMPLICIT_RETAIN_SELF = YES;
				CLANG_WARN_OBJC_LITERAL_CONVERSION = YES;
				CLANG_WARN_OBJC_ROOT_CLASS = YES_ERROR;
				CLANG_WARN_QUOTED_INCLUDE_IN_FRAMEWORK_HEADER = YES;
				CLANG_WARN_RANGE_LOOP_ANALYSIS = YES;
				CLANG_WARN_STRICT_PROTOTYPES = YES;
				CLANG_WARN_SUSPICIOUS_MOVE = YES;
				CLANG_WARN_UNGUARDED_AVAILABILITY = YES_AGGRESSIVE;
				CLANG_WARN_UNREACHABLE_CODE = YES;
				CLANG_WARN__DUPLICATE_METHOD_MATCH = YES;
				COPY_PHASE_STRIP = NO;
				DEBUG_INFORMATION_FORMAT = dwarf;
				ENABLE_STRICT_OBJC_MSGSEND = YES;
				ENABLE_TESTABILITY = YES;
				ENABLE_USER_SCRIPT_SANDBOXING = YES;
				GCC_C_LANGUAGE_STANDARD = gnu17;
				GCC_DYNAMIC_NO_PIC = NO;
				GCC_NO_COMMON_BLOCKS = YES;
				GCC_OPTIMIZATION_LEVEL = 0;
				GCC_PREPROCESSOR_DEFINITIONS = (
					"DEBUG=1",
					"$(inherited)",
				);
				GCC_WARN_64_TO_32_BIT_CONVERSION = YES;
				GCC_WARN_ABOUT_RETURN_TYPE = YES_ERROR;
				GCC_WARN_UNDECLARED_SELECTOR = YES;
				GCC_WARN_UNINITIALIZED_AUTOS = YES_AGGRESSIVE;
				GCC_WARN_UNUSED_FUNCTION = YES;
				GCC_WARN_UNUSED_VARIABLE = YES;
				LOCALIZATION_PREFERS_STRING_CATALOGS = YES;
				MTL_ENABLE_DEBUG_INFO = INCLUDE_SOURCE;
				MTL_FAST_MATH = YES;
				ONLY_ACTIVE_ARCH = YES;
				SWIFT_ACTIVE_COMPILATION_CONDITIONS = "DEBUG $(inherited)";
				SWIFT_OPTIMIZATION_LEVEL = "-Onone";
			};
			name = Debug;
		};
		EB4F3DC92C4614DD00229244 /* Release */ = {
			isa = XCBuildConfiguration;
			buildSettings = {
				ALWAYS_SEARCH_USER_PATHS = NO;
				ASSETCATALOG_COMPILER_GENERATE_SWIFT_ASSET_SYMBOL_EXTENSIONS = YES;
				CLANG_ANALYZER_NONNULL = YES;
				CLANG_ANALYZER_NUMBER_OBJECT_CONVERSION = YES_AGGRESSIVE;
				CLANG_CXX_LANGUAGE_STANDARD = "gnu++20";
				CLANG_ENABLE_MODULES = YES;
				CLANG_ENABLE_OBJC_ARC = YES;
				CLANG_ENABLE_OBJC_WEAK = YES;
				CLANG_WARN_BLOCK_CAPTURE_AUTORELEASING = YES;
				CLANG_WARN_BOOL_CONVERSION = YES;
				CLANG_WARN_COMMA = YES;
				CLANG_WARN_CONSTANT_CONVERSION = YES;
				CLANG_WARN_DEPRECATED_OBJC_IMPLEMENTATIONS = YES;
				CLANG_WARN_DIRECT_OBJC_ISA_USAGE = YES_ERROR;
				CLANG_WARN_DOCUMENTATION_COMMENTS = YES;
				CLANG_WARN_EMPTY_BODY = YES;
				CLANG_WARN_ENUM_CONVERSION = YES;
				CLANG_WARN_INFINITE_RECURSION = YES;
				CLANG_WARN_INT_CONVERSION = YES;
				CLANG_WARN_NON_LITERAL_NULL_CONVERSION = YES;
				CLANG_WARN_OBJC_IMPLICIT_RETAIN_SELF = YES;
				CLANG_WARN_OBJC_LITERAL_CONVERSION = YES;
				CLANG_WARN_OBJC_ROOT_CLASS = YES_ERROR;
				CLANG_WARN_QUOTED_INCLUDE_IN_FRAMEWORK_HEADER = YES;
				CLANG_WARN_RANGE_LOOP_ANALYSIS = YES;
				CLANG_WARN_STRICT_PROTOTYPES = YES;
				CLANG_WARN_SUSPICIOUS_MOVE = YES;
				CLANG_WARN_UNGUARDED_AVAILABILITY = YES_AGGRESSIVE;
				CLANG_WARN_UNREACHABLE_CODE = YES;
				CLANG_WARN__DUPLICATE_METHOD_MATCH = YES;
				COPY_PHASE_STRIP = NO;
				DEBUG_INFORMATION_FORMAT = "dwarf-with-dsym";
				ENABLE_NS_ASSERTIONS = NO;
				ENABLE_STRICT_OBJC_MSGSEND = YES;
				ENABLE_USER_SCRIPT_SANDBOXING = YES;
				GCC_C_LANGUAGE_STANDARD = gnu17;
				GCC_NO_COMMON_BLOCKS = YES;
				GCC_WARN_64_TO_32_BIT_CONVERSION = YES;
				GCC_WARN_ABOUT_RETURN_TYPE = YES_ERROR;
				GCC_WARN_UNDECLARED_SELECTOR = YES;
				GCC_WARN_UNINITIALIZED_AUTOS = YES_AGGRESSIVE;
				GCC_WARN_UNUSED_FUNCTION = YES;
				GCC_WARN_UNUSED_VARIABLE = YES;
				LOCALIZATION_PREFERS_STRING_CATALOGS = YES;
				MTL_ENABLE_DEBUG_INFO = NO;
				MTL_FAST_MATH = YES;
				SWIFT_COMPILATION_MODE = wholemodule;
			};
			name = Release;
		};
		EB4F3DCB2C4614DD00229244 /* Debug */ = {
			isa = XCBuildConfiguration;
			buildSettings = {
				ASSETCATALOG_COMPILER_APPICON_NAME = AppIcon;
				ASSETCATALOG_COMPILER_GLOBAL_ACCENT_COLOR_NAME = AccentColor;
				CODE_SIGN_ENTITLEMENTS = Product/Product.entitlements;
				CODE_SIGN_STYLE = Automatic;
				CURRENT_PROJECT_VERSION = 1;
				DEVELOPMENT_ASSET_PATHS = "\"Product/Preview Content\"";
				DEVELOPMENT_TEAM = W4EX92NN8G;
				ENABLE_PREVIEWS = YES;
				GENERATE_INFOPLIST_FILE = YES;
				"INFOPLIST_KEY_UIApplicationSceneManifest_Generation[sdk=iphoneos*]" = YES;
				"INFOPLIST_KEY_UIApplicationSceneManifest_Generation[sdk=iphonesimulator*]" = YES;
				"INFOPLIST_KEY_UIApplicationSupportsIndirectInputEvents[sdk=iphoneos*]" = YES;
				"INFOPLIST_KEY_UIApplicationSupportsIndirectInputEvents[sdk=iphonesimulator*]" = YES;
				"INFOPLIST_KEY_UILaunchScreen_Generation[sdk=iphoneos*]" = YES;
				"INFOPLIST_KEY_UILaunchScreen_Generation[sdk=iphonesimulator*]" = YES;
				"INFOPLIST_KEY_UIStatusBarStyle[sdk=iphoneos*]" = UIStatusBarStyleDefault;
				"INFOPLIST_KEY_UIStatusBarStyle[sdk=iphonesimulator*]" = UIStatusBarStyleDefault;
				INFOPLIST_KEY_UISupportedInterfaceOrientations_iPad = "UIInterfaceOrientationPortrait UIInterfaceOrientationPortraitUpsideDown UIInterfaceOrientationLandscapeLeft UIInterfaceOrientationLandscapeRight";
				INFOPLIST_KEY_UISupportedInterfaceOrientations_iPhone = "UIInterfaceOrientationPortrait UIInterfaceOrientationLandscapeLeft UIInterfaceOrientationLandscapeRight";
				IPHONEOS_DEPLOYMENT_TARGET = 17.5;
				LD_RUNPATH_SEARCH_PATHS = "@executable_path/Frameworks";
				"LD_RUNPATH_SEARCH_PATHS[sdk=macosx*]" = "@executable_path/../Frameworks";
				MACOSX_DEPLOYMENT_TARGET = 14.5;
				MARKETING_VERSION = 1.0;
				PRODUCT_BUNDLE_IDENTIFIER = "jp.co.flight.k-uragami.Product";
				PRODUCT_NAME = "$(TARGET_NAME)";
				SDKROOT = auto;
				SUPPORTED_PLATFORMS = "iphoneos iphonesimulator macosx";
				SWIFT_EMIT_LOC_STRINGS = YES;
				SWIFT_VERSION = 5.0;
				TARGETED_DEVICE_FAMILY = "1,2";
			};
			name = Debug;
		};
		EB4F3DCC2C4614DD00229244 /* Release */ = {
			isa = XCBuildConfiguration;
			buildSettings = {
				ASSETCATALOG_COMPILER_APPICON_NAME = AppIcon;
				ASSETCATALOG_COMPILER_GLOBAL_ACCENT_COLOR_NAME = AccentColor;
				CODE_SIGN_ENTITLEMENTS = Product/Product.entitlements;
				CODE_SIGN_STYLE = Automatic;
				CURRENT_PROJECT_VERSION = 1;
				DEVELOPMENT_ASSET_PATHS = "\"Product/Preview Content\"";
				DEVELOPMENT_TEAM = W4EX92NN8G;
				ENABLE_PREVIEWS = YES;
				GENERATE_INFOPLIST_FILE = YES;
				"INFOPLIST_KEY_UIApplicationSceneManifest_Generation[sdk=iphoneos*]" = YES;
				"INFOPLIST_KEY_UIApplicationSceneManifest_Generation[sdk=iphonesimulator*]" = YES;
				"INFOPLIST_KEY_UIApplicationSupportsIndirectInputEvents[sdk=iphoneos*]" = YES;
				"INFOPLIST_KEY_UIApplicationSupportsIndirectInputEvents[sdk=iphonesimulator*]" = YES;
				"INFOPLIST_KEY_UILaunchScreen_Generation[sdk=iphoneos*]" = YES;
				"INFOPLIST_KEY_UILaunchScreen_Generation[sdk=iphonesimulator*]" = YES;
				"INFOPLIST_KEY_UIStatusBarStyle[sdk=iphoneos*]" = UIStatusBarStyleDefault;
				"INFOPLIST_KEY_UIStatusBarStyle[sdk=iphonesimulator*]" = UIStatusBarStyleDefault;
				INFOPLIST_KEY_UISupportedInterfaceOrientations_iPad = "UIInterfaceOrientationPortrait UIInterfaceOrientationPortraitUpsideDown UIInterfaceOrientationLandscapeLeft UIInterfaceOrientationLandscapeRight";
				INFOPLIST_KEY_UISupportedInterfaceOrientations_iPhone = "UIInterfaceOrientationPortrait UIInterfaceOrientationLandscapeLeft UIInterfaceOrientationLandscapeRight";
				IPHONEOS_DEPLOYMENT_TARGET = 17.5;
				LD_RUNPATH_SEARCH_PATHS = "@executable_path/Frameworks";
				"LD_RUNPATH_SEARCH_PATHS[sdk=macosx*]" = "@executable_path/../Frameworks";
				MACOSX_DEPLOYMENT_TARGET = 14.5;
				MARKETING_VERSION = 1.0;
				PRODUCT_BUNDLE_IDENTIFIER = "jp.co.flight.k-uragami.Product";
				PRODUCT_NAME = "$(TARGET_NAME)";
				SDKROOT = auto;
				SUPPORTED_PLATFORMS = "iphoneos iphonesimulator macosx";
				SWIFT_EMIT_LOC_STRINGS = YES;
				SWIFT_VERSION = 5.0;
				TARGETED_DEVICE_FAMILY = "1,2";
			};
			name = Release;
		};
		EB4F3DCE2C4614DD00229244 /* Debug */ = {
			isa = XCBuildConfiguration;
			buildSettings = {
				ALWAYS_EMBED_SWIFT_STANDARD_LIBRARIES = YES;
				BUNDLE_LOADER = "$(TEST_HOST)";
				CODE_SIGN_STYLE = Automatic;
				CURRENT_PROJECT_VERSION = 1;
				GENERATE_INFOPLIST_FILE = YES;
				IPHONEOS_DEPLOYMENT_TARGET = 17.5;
				MACOSX_DEPLOYMENT_TARGET = 14.5;
				MARKETING_VERSION = 1.0;
				PRODUCT_BUNDLE_IDENTIFIER = "jp.co.flight.k-uragami.ProductTests";
				PRODUCT_NAME = "$(TARGET_NAME)";
				SDKROOT = auto;
				SUPPORTED_PLATFORMS = "iphoneos iphonesimulator macosx";
				SWIFT_EMIT_LOC_STRINGS = NO;
				SWIFT_VERSION = 5.0;
				TARGETED_DEVICE_FAMILY = "1,2";
				TEST_HOST = "$(BUILT_PRODUCTS_DIR)/Product.app/$(BUNDLE_EXECUTABLE_FOLDER_PATH)/Product";
			};
			name = Debug;
		};
		EB4F3DCF2C4614DD00229244 /* Release */ = {
			isa = XCBuildConfiguration;
			buildSettings = {
				ALWAYS_EMBED_SWIFT_STANDARD_LIBRARIES = YES;
				BUNDLE_LOADER = "$(TEST_HOST)";
				CODE_SIGN_STYLE = Automatic;
				CURRENT_PROJECT_VERSION = 1;
				GENERATE_INFOPLIST_FILE = YES;
				IPHONEOS_DEPLOYMENT_TARGET = 17.5;
				MACOSX_DEPLOYMENT_TARGET = 14.5;
				MARKETING_VERSION = 1.0;
				PRODUCT_BUNDLE_IDENTIFIER = "jp.co.flight.k-uragami.ProductTests";
				PRODUCT_NAME = "$(TARGET_NAME)";
				SDKROOT = auto;
				SUPPORTED_PLATFORMS = "iphoneos iphonesimulator macosx";
				SWIFT_EMIT_LOC_STRINGS = NO;
				SWIFT_VERSION = 5.0;
				TARGETED_DEVICE_FAMILY = "1,2";
				TEST_HOST = "$(BUILT_PRODUCTS_DIR)/Product.app/$(BUNDLE_EXECUTABLE_FOLDER_PATH)/Product";
			};
			name = Release;
		};
		EB4F3DD12C4614DD00229244 /* Debug */ = {
			isa = XCBuildConfiguration;
			buildSettings = {
				ALWAYS_EMBED_SWIFT_STANDARD_LIBRARIES = YES;
				CODE_SIGN_STYLE = Automatic;
				CURRENT_PROJECT_VERSION = 1;
				GENERATE_INFOPLIST_FILE = YES;
				IPHONEOS_DEPLOYMENT_TARGET = 17.5;
				MACOSX_DEPLOYMENT_TARGET = 14.5;
				MARKETING_VERSION = 1.0;
				PRODUCT_BUNDLE_IDENTIFIER = "jp.co.flight.k-uragami.ProductUITests";
				PRODUCT_NAME = "$(TARGET_NAME)";
				SDKROOT = auto;
				SUPPORTED_PLATFORMS = "iphoneos iphonesimulator macosx";
				SWIFT_EMIT_LOC_STRINGS = NO;
				SWIFT_VERSION = 5.0;
				TARGETED_DEVICE_FAMILY = "1,2";
				TEST_TARGET_NAME = Product;
			};
			name = Debug;
		};
		EB4F3DD22C4614DD00229244 /* Release */ = {
			isa = XCBuildConfiguration;
			buildSettings = {
				ALWAYS_EMBED_SWIFT_STANDARD_LIBRARIES = YES;
				CODE_SIGN_STYLE = Automatic;
				CURRENT_PROJECT_VERSION = 1;
				GENERATE_INFOPLIST_FILE = YES;
				IPHONEOS_DEPLOYMENT_TARGET = 17.5;
				MACOSX_DEPLOYMENT_TARGET = 14.5;
				MARKETING_VERSION = 1.0;
				PRODUCT_BUNDLE_IDENTIFIER = "jp.co.flight.k-uragami.ProductUITests";
				PRODUCT_NAME = "$(TARGET_NAME)";
				SDKROOT = auto;
				SUPPORTED_PLATFORMS = "iphoneos iphonesimulator macosx";
				SWIFT_EMIT_LOC_STRINGS = NO;
				SWIFT_VERSION = 5.0;
				TARGETED_DEVICE_FAMILY = "1,2";
				TEST_TARGET_NAME = Product;
			};
			name = Release;
		};
/* End XCBuildConfiguration section */

/* Begin XCConfigurationList section */
		EB4F3DA02C4614DC00229244 /* Build configuration list for PBXProject "Product" */ = {
			isa = XCConfigurationList;
			buildConfigurations = (
				EB4F3DC82C4614DD00229244 /* Debug */,
				EB4F3DC92C4614DD00229244 /* Release */,
			);
			defaultConfigurationIsVisible = 0;
			defaultConfigurationName = Release;
		};
		EB4F3DCA2C4614DD00229244 /* Build configuration list for PBXNativeTarget "Product" */ = {
			isa = XCConfigurationList;
			buildConfigurations = (
				EB4F3DCB2C4614DD00229244 /* Debug */,
				EB4F3DCC2C4614DD00229244 /* Release */,
			);
			defaultConfigurationIsVisible = 0;
			defaultConfigurationName = Release;
		};
		EB4F3DCD2C4614DD00229244 /* Build configuration list for PBXNativeTarget "ProductTests" */ = {
			isa = XCConfigurationList;
			buildConfigurations = (
				EB4F3DCE2C4614DD00229244 /* Debug */,
				EB4F3DCF2C4614DD00229244 /* Release */,
			);
			defaultConfigurationIsVisible = 0;
			defaultConfigurationName = Release;
		};
		EB4F3DD02C4614DD00229244 /* Build configuration list for PBXNativeTarget "ProductUITests" */ = {
			isa = XCConfigurationList;
			buildConfigurations = (
				EB4F3DD12C4614DD00229244 /* Debug */,
				EB4F3DD22C4614DD00229244 /* Release */,
			);
			defaultConfigurationIsVisible = 0;
			defaultConfigurationName = Release;
		};
/* End XCConfigurationList section */
	};
	rootObject = EB4F3D9D2C4614DC00229244 /* Project object */;
}
